
Microsoft Visual Studio Solution File, Format Version 12.00
# Visual Studio Version 17
VisualStudioVersion = 17.4.33205.214
MinimumVisualStudioVersion = 10.0.40219.1
Project("{9A19103F-16F7-4668-BE54-9A1E7A4F7556}") = "WorkerGT2IN", "WorkerGT2IN\WorkerGT2IN.csproj", "{780A1CB1-33A7-4F78-BDD5-C5FDA9A582FF}"
EndProject
Global
	GlobalSection(SolutionConfigurationPlatforms) = preSolution
		Debug|Any CPU = Debug|Any CPU
		Release|Any CPU = Release|Any CPU
	EndGlobalSection
	GlobalSection(ProjectConfigurationPlatforms) = postSolution
		{780A1CB1-33A7-4F78-BDD5-C5FDA9A582FF}.Debug|Any CPU.ActiveCfg = Debug|Any CPU
		{780A1CB1-33A7-4F78-BDD5-C5FDA9A582FF}.Debug|Any CPU.Build.0 = Debug|Any CPU
		{780A1CB1-33A7-4F78-BDD5-C5FDA9A582FF}.Release|Any CPU.ActiveCfg = Release|Any CPU
		{780A1CB1-33A7-4F78-BDD5-C5FDA9A582FF}.Release|Any CPU.Build.0 = Release|Any CPU
	EndGlobalSection
	GlobalSection(SolutionProperties) = preSolution
		HideSolutionNode = FALSE
	EndGlobalSection
	GlobalSection(ExtensibilityGlobals) = postSolution
		SolutionGuid = {D8859DDC-3006-4665-A7DC-2A132EB53ED9}
	EndGlobalSection
EndGlobal
